{"format_version":"1.2","terraform_version":"1.14.0","variables":{"access_key":{"value":""},"region":{"value":"eu-west-1"},"secret_key":{"value":""}},"planned_values":{"root_module":{"resources":[{"address":"aws_dynamodb_table.tf_lock","mode":"managed","type":"aws_dynamodb_table","name":"tf_lock","provider_name":"registry.terraform.io/hashicorp/aws","schema_version":1,"values":{"attribute":[{"name":"LockID","type":"S"}],"billing_mode":"PAY_PER_REQUEST","deletion_protection_enabled":null,"global_secondary_index":[],"hash_key":"LockID","import_table":[],"local_secondary_index":[],"name":"terraform-lock","on_demand_throughput":[],"range_key":null,"region":"eu-west-1","replica":[],"restore_date_time":null,"restore_source_name":null,"restore_source_table_arn":null,"restore_to_latest_time":null,"stream_enabled":null,"table_class":null,"tags":{"Environment":"Global","Name":"Terraform State Lock","Purpose":"Terraform State Management"},"tags_all":{"Environment":"Global","Name":"Terraform State Lock","Purpose":"Terraform State Management"},"timeouts":null},"sensitive_values":{"attribute":[{}],"global_secondary_index":[],"global_table_witness":[],"import_table":[],"local_secondary_index":[],"on_demand_throughput":[],"point_in_time_recovery":[],"replica":[],"server_side_encryption":[],"tags":{},"tags_all":{},"ttl":[],"warm_throughput":[]}},{"address":"aws_s3_bucket.tf_state","mode":"managed","type":"aws_s3_bucket","name":"tf_state","provider_name":"registry.terraform.io/hashicorp/aws","schema_version":0,"values":{"bucket":"my-terraform-state-bucket-andrii-dukhvin","force_destroy":false,"region":"eu-west-1","tags":null,"timeouts":null},"sensitive_values":{"cors_rule":[],"grant":[],"lifecycle_rule":[],"logging":[],"object_lock_configuration":[],"replication_configuration":[],"server_side_encryption_configuration":[],"tags_all":{},"versioning":[],"website":[]},"identity_schema_version":0,"identity":{"account_id":null,"bucket":null,"region":null}},{"address":"aws_s3_bucket_public_access_block.tf_state","mode":"managed","type":"aws_s3_bucket_public_access_block","name":"tf_state","provider_name":"registry.terraform.io/hashicorp/aws","schema_version":0,"values":{"block_public_acls":true,"block_public_policy":true,"ignore_public_acls":true,"region":"eu-west-1","restrict_public_buckets":true,"skip_destroy":null},"sensitive_values":{},"identity_schema_version":0,"identity":{"account_id":null,"bucket":null,"region":null}},{"address":"aws_s3_bucket_server_side_encryption_configuration.tf_state","mode":"managed","type":"aws_s3_bucket_server_side_encryption_configuration","name":"tf_state","provider_name":"registry.terraform.io/hashicorp/aws","schema_version":0,"values":{"expected_bucket_owner":null,"region":"eu-west-1","rule":[{"apply_server_side_encryption_by_default":[{"kms_master_key_id":"","sse_algorithm":"AES256"}],"blocked_encryption_types":[],"bucket_key_enabled":null}]},"sensitive_values":{"rule":[{"apply_server_side_encryption_by_default":[{}],"blocked_encryption_types":[]}]},"identity_schema_version":0,"identity":{"account_id":null,"bucket":null,"expected_bucket_owner":null,"region":null}},{"address":"aws_s3_bucket_versioning.tf_state","mode":"managed","type":"aws_s3_bucket_versioning","name":"tf_state","provider_name":"registry.terraform.io/hashicorp/aws","schema_version":0,"values":{"expected_bucket_owner":null,"mfa":null,"region":"eu-west-1","versioning_configuration":[{"status":"Enabled"}]},"sensitive_values":{"versioning_configuration":[{}]},"identity_schema_version":0,"identity":{"account_id":null,"bucket":null,"expected_bucket_owner":null,"region":null}}]}},"resource_changes":[{"address":"aws_dynamodb_table.tf_lock","mode":"managed","type":"aws_dynamodb_table","name":"tf_lock","provider_name":"registry.terraform.io/hashicorp/aws","change":{"actions":["create"],"before":null,"after":{"attribute":[{"name":"LockID","type":"S"}],"billing_mode":"PAY_PER_REQUEST","deletion_protection_enabled":null,"global_secondary_index":[],"hash_key":"LockID","import_table":[],"local_secondary_index":[],"name":"terraform-lock","on_demand_throughput":[],"range_key":null,"region":"eu-west-1","replica":[],"restore_date_time":null,"restore_source_name":null,"restore_source_table_arn":null,"restore_to_latest_time":null,"stream_enabled":null,"table_class":null,"tags":{"Environment":"Global","Name":"Terraform State Lock","Purpose":"Terraform State Management"},"tags_all":{"Environment":"Global","Name":"Terraform State Lock","Purpose":"Terraform State Management"},"timeouts":null},"after_unknown":{"arn":true,"attribute":[{}],"global_secondary_index":[],"global_table_witness":true,"id":true,"import_table":[],"local_secondary_index":[],"on_demand_throughput":[],"point_in_time_recovery":true,"read_capacity":true,"replica":[],"server_side_encryption":true,"stream_arn":true,"stream_label":true,"stream_view_type":true,"tags":{},"tags_all":{},"ttl":true,"warm_throughput":true,"write_capacity":true},"before_sensitive":false,"after_sensitive":{"attribute":[{}],"global_secondary_index":[],"global_table_witness":[],"import_table":[],"local_secondary_index":[],"on_demand_throughput":[],"point_in_time_recovery":[],"replica":[],"server_side_encryption":[],"tags":{},"tags_all":{},"ttl":[],"warm_throughput":[]}}},{"address":"aws_s3_bucket.tf_state","mode":"managed","type":"aws_s3_bucket","name":"tf_state","provider_name":"registry.terraform.io/hashicorp/aws","change":{"actions":["create"],"before":null,"after":{"bucket":"my-terraform-state-bucket-andrii-dukhvin","force_destroy":false,"region":"eu-west-1","tags":null,"timeouts":null},"after_unknown":{"acceleration_status":true,"acl":true,"arn":true,"bucket_domain_name":true,"bucket_prefix":true,"bucket_region":true,"bucket_regional_domain_name":true,"cors_rule":true,"grant":true,"hosted_zone_id":true,"id":true,"lifecycle_rule":true,"logging":true,"object_lock_configuration":true,"object_lock_enabled":true,"policy":true,"replication_configuration":true,"request_payer":true,"server_side_encryption_configuration":true,"tags_all":true,"versioning":true,"website":true,"website_domain":true,"website_endpoint":true},"before_sensitive":false,"after_sensitive":{"cors_rule":[],"grant":[],"lifecycle_rule":[],"logging":[],"object_lock_configuration":[],"replication_configuration":[],"server_side_encryption_configuration":[],"tags_all":{},"versioning":[],"website":[]},"after_identity":{"account_id":null,"bucket":null,"region":null}}},{"address":"aws_s3_bucket_public_access_block.tf_state","mode":"managed","type":"aws_s3_bucket_public_access_block","name":"tf_state","provider_name":"registry.terraform.io/hashicorp/aws","change":{"actions":["create"],"before":null,"after":{"block_public_acls":true,"block_public_policy":true,"ignore_public_acls":true,"region":"eu-west-1","restrict_public_buckets":true,"skip_destroy":null},"after_unknown":{"bucket":true,"id":true},"before_sensitive":false,"after_sensitive":{},"after_identity":{"account_id":null,"bucket":null,"region":null}}},{"address":"aws_s3_bucket_server_side_encryption_configuration.tf_state","mode":"managed","type":"aws_s3_bucket_server_side_encryption_configuration","name":"tf_state","provider_name":"registry.terraform.io/hashicorp/aws","change":{"actions":["create"],"before":null,"after":{"expected_bucket_owner":null,"region":"eu-west-1","rule":[{"apply_server_side_encryption_by_default":[{"kms_master_key_id":"","sse_algorithm":"AES256"}],"blocked_encryption_types":[],"bucket_key_enabled":null}]},"after_unknown":{"bucket":true,"id":true,"rule":[{"apply_server_side_encryption_by_default":[{}],"blocked_encryption_types":[]}]},"before_sensitive":false,"after_sensitive":{"rule":[{"apply_server_side_encryption_by_default":[{}],"blocked_encryption_types":[]}]},"after_identity":{"account_id":null,"bucket":null,"expected_bucket_owner":null,"region":null}}},{"address":"aws_s3_bucket_versioning.tf_state","mode":"managed","type":"aws_s3_bucket_versioning","name":"tf_state","provider_name":"registry.terraform.io/hashicorp/aws","change":{"actions":["create"],"before":null,"after":{"expected_bucket_owner":null,"mfa":null,"region":"eu-west-1","versioning_configuration":[{"status":"Enabled"}]},"after_unknown":{"bucket":true,"id":true,"versioning_configuration":[{"mfa_delete":true}]},"before_sensitive":false,"after_sensitive":{"versioning_configuration":[{}]},"after_identity":{"account_id":null,"bucket":null,"expected_bucket_owner":null,"region":null}}}],"configuration":{"provider_config":{"aws":{"name":"aws","full_name":"registry.terraform.io/hashicorp/aws","version_constraint":"~\u003e 6.21","expressions":{"region":{"references":["var.region"]}}}},"root_module":{"resources":[{"address":"aws_dynamodb_table.tf_lock","mode":"managed","type":"aws_dynamodb_table","name":"tf_lock","provider_config_key":"aws","expressions":{"attribute":[{"name":{"constant_value":"LockID"},"type":{"constant_value":"S"}}],"billing_mode":{"constant_value":"PAY_PER_REQUEST"},"hash_key":{"constant_value":"LockID"},"name":{"constant_value":"terraform-lock"},"tags":{"constant_value":{"Environment":"Global","Name":"Terraform State Lock","Purpose":"Terraform State Management"}}},"schema_version":1},{"address":"aws_s3_bucket.tf_state","mode":"managed","type":"aws_s3_bucket","name":"tf_state","provider_config_key":"aws","expressions":{"bucket":{"constant_value":"my-terraform-state-bucket-andrii-dukhvin"}},"schema_version":0},{"address":"aws_s3_bucket_public_access_block.tf_state","mode":"managed","type":"aws_s3_bucket_public_access_block","name":"tf_state","provider_config_key":"aws","expressions":{"block_public_acls":{"constant_value":true},"block_public_policy":{"constant_value":true},"bucket":{"references":["aws_s3_bucket.tf_state.id","aws_s3_bucket.tf_state"]},"ignore_public_acls":{"constant_value":true},"restrict_public_buckets":{"constant_value":true}},"schema_version":0},{"address":"aws_s3_bucket_server_side_encryption_configuration.tf_state","mode":"managed","type":"aws_s3_bucket_server_side_encryption_configuration","name":"tf_state","provider_config_key":"aws","expressions":{"bucket":{"references":["aws_s3_bucket.tf_state.id","aws_s3_bucket.tf_state"]},"rule":[{"apply_server_side_encryption_by_default":[{"sse_algorithm":{"constant_value":"AES256"}}]}]},"schema_version":0},{"address":"aws_s3_bucket_versioning.tf_state","mode":"managed","type":"aws_s3_bucket_versioning","name":"tf_state","provider_config_key":"aws","expressions":{"bucket":{"references":["aws_s3_bucket.tf_state.id","aws_s3_bucket.tf_state"]},"versioning_configuration":[{"status":{"constant_value":"Enabled"}}]},"schema_version":0}],"variables":{"access_key":{"default":"","sensitive":true},"region":{"default":"eu-west-1"},"secret_key":{"default":"","sensitive":true}}}},"relevant_attributes":[{"resource":"aws_s3_bucket.tf_state","attribute":["id"]}],"timestamp":"2025-11-25T22:00:06Z","applyable":true,"complete":true,"errored":false}
